
Microsoft Visual Studio Solution File, Format Version 12.00
# Visual Studio 15
VisualStudioVersion = 15.0.27130.2026
MinimumVisualStudioVersion = 10.0.40219.1
Project("{FAE04EC0-301F-11D3-BF4B-00C04F79EFBC}") = "CoreBuilderProject", "CoreBuilderProject\CoreBuilderProject.csproj", "{4B1C3739-4DBF-427F-A2AB-24F0DE03CBAB}"
EndProject
Global
	GlobalSection(SolutionConfigurationPlatforms) = preSolution
		Debug|Any CPU = Debug|Any CPU
		Release|Any CPU = Release|Any CPU
	EndGlobalSection
	GlobalSection(ProjectConfigurationPlatforms) = postSolution
		{4B1C3739-4DBF-427F-A2AB-24F0DE03CBAB}.Debug|Any CPU.ActiveCfg = Debug|Any CPU
		{4B1C3739-4DBF-427F-A2AB-24F0DE03CBAB}.Debug|Any CPU.Build.0 = Debug|Any CPU
		{4B1C3739-4DBF-427F-A2AB-24F0DE03CBAB}.Release|Any CPU.ActiveCfg = Release|Any CPU
		{4B1C3739-4DBF-427F-A2AB-24F0DE03CBAB}.Release|Any CPU.Build.0 = Release|Any CPU
	EndGlobalSection
	GlobalSection(SolutionProperties) = preSolution
		HideSolutionNode = FALSE
	EndGlobalSection
	GlobalSection(ExtensibilityGlobals) = postSolution
		SolutionGuid = {176D4005-6A66-4400-A9D2-C7BBDB5946A2}
	EndGlobalSection
EndGlobal
